
Microsoft Visual Studio Solution File, Format Version 12.00
# Visual Studio 2013
VisualStudioVersion = 12.0.21005.1
MinimumVisualStudioVersion = 10.0.40219.1
Project("{FAE04EC0-301F-11D3-BF4B-00C04F79EFBC}") = "ClientCertificateHandling", "src\ClientCertificateHandling\ClientCertificateHandling.csproj", "{2F1AF30E-7440-4910-84DE-3DCF12DC742B}"
EndProject
Project("{FAE04EC0-301F-11D3-BF4B-00C04F79EFBC}") = "ClientCertificateHandling.UnitTests", "test\ClientCertificateHandling.UnitTests\ClientCertificateHandling.UnitTests.csproj", "{C91446E7-FA16-4BEB-87D8-EF237A85E124}"
EndProject
Project("{2150E333-8FDC-42A3-9474-1A3956D46DE8}") = "Solution Items", "Solution Items", "{F466B02F-BD7C-49AA-8D2E-23F413A4750D}"
	ProjectSection(SolutionItems) = preProject
		.gitignore = .gitignore
		45Build.proj = 45Build.proj
		build.bat = build.bat
		Build.proj = Build.proj
		LICENSE.md = LICENSE.md
		README.md = README.md
	EndProjectSection
EndProject
Global
	GlobalSection(SolutionConfigurationPlatforms) = preSolution
		Debug|Any CPU = Debug|Any CPU
		Release|Any CPU = Release|Any CPU
	EndGlobalSection
	GlobalSection(ProjectConfigurationPlatforms) = postSolution
		{2F1AF30E-7440-4910-84DE-3DCF12DC742B}.Debug|Any CPU.ActiveCfg = Debug|Any CPU
		{2F1AF30E-7440-4910-84DE-3DCF12DC742B}.Debug|Any CPU.Build.0 = Debug|Any CPU
		{2F1AF30E-7440-4910-84DE-3DCF12DC742B}.Release|Any CPU.ActiveCfg = Release|Any CPU
		{2F1AF30E-7440-4910-84DE-3DCF12DC742B}.Release|Any CPU.Build.0 = Release|Any CPU
		{C91446E7-FA16-4BEB-87D8-EF237A85E124}.Debug|Any CPU.ActiveCfg = Debug|Any CPU
		{C91446E7-FA16-4BEB-87D8-EF237A85E124}.Debug|Any CPU.Build.0 = Debug|Any CPU
		{C91446E7-FA16-4BEB-87D8-EF237A85E124}.Release|Any CPU.ActiveCfg = Release|Any CPU
		{C91446E7-FA16-4BEB-87D8-EF237A85E124}.Release|Any CPU.Build.0 = Release|Any CPU
	EndGlobalSection
	GlobalSection(SolutionProperties) = preSolution
		HideSolutionNode = FALSE
	EndGlobalSection
EndGlobal
